{
  "version": 4,
  "terraform_version": "1.3.9",
  "serial": 62,
  "lineage": "c9db0e92-8a48-5af3-2e5c-598c4819fcca",
  "outputs": {},
  "resources": [
    {
      "mode": "managed",
      "type": "aws_subnet",
      "name": "amns_subnet",
      "provider": "provider[\"registry.terraform.io/hashicorp/aws\"]",
      "instances": [
        {
          "schema_version": 1,
          "attributes": {
            "arn": "arn:aws:ec2:eu-west-2:654654630095:subnet/subnet-0d59e43e84bba6ba4",
            "assign_ipv6_address_on_creation": false,
            "availability_zone": "eu-west-2a",
            "availability_zone_id": "euw2-az2",
            "cidr_block": "10.165.48.0/28",
            "customer_owned_ipv4_pool": "",
            "enable_dns64": false,
            "enable_lni_at_device_index": 0,
            "enable_resource_name_dns_a_record_on_launch": false,
            "enable_resource_name_dns_aaaa_record_on_launch": false,
            "id": "subnet-0d59e43e84bba6ba4",
            "ipv6_cidr_block": "",
            "ipv6_cidr_block_association_id": "",
            "ipv6_native": false,
            "map_customer_owned_ip_on_launch": false,
            "map_public_ip_on_launch": false,
            "outpost_arn": "",
            "owner_id": "654654630095",
            "private_dns_hostname_type_on_launch": "ip-name",
            "tags": null,
            "tags_all": {},
            "timeouts": null,
            "vpc_id": "vpc-07fa2c457841e8985"
          },
          "sensitive_attributes": [],
          "private": "eyJlMmJmYjczMC1lY2FhLTExZTYtOGY4OC0zNDM2M2JjN2M0YzAiOnsiY3JlYXRlIjo2MDAwMDAwMDAwMDAsImRlbGV0ZSI6MTIwMDAwMDAwMDAwMH0sInNjaGVtYV92ZXJzaW9uIjoiMSJ9",
          "dependencies": [
            "aws_vpc.ams_vpc"
          ]
        }
      ]
    },
    {
      "mode": "managed",
      "type": "aws_vpc",
      "name": "ams_vpc",
      "provider": "provider[\"registry.terraform.io/hashicorp/aws\"]",
      "instances": [
        {
          "schema_version": 1,
          "attributes": {
            "arn": "arn:aws:ec2:eu-west-2:654654630095:vpc/vpc-07fa2c457841e8985",
            "assign_generated_ipv6_cidr_block": false,
            "cidr_block": "10.165.48.0/22",
            "default_network_acl_id": "acl-03f27525ec07bec1e",
            "default_route_table_id": "rtb-05121a34c8b10ac0e",
            "default_security_group_id": "sg-073bf6382a93ef85f",
            "dhcp_options_id": "dopt-039f58ce97416b7bd",
            "enable_classiclink": false,
            "enable_classiclink_dns_support": false,
            "enable_dns_hostnames": false,
            "enable_dns_support": true,
            "enable_network_address_usage_metrics": false,
            "id": "vpc-07fa2c457841e8985",
            "instance_tenancy": "default",
            "ipv4_ipam_pool_id": null,
            "ipv4_netmask_length": null,
            "ipv6_association_id": "",
            "ipv6_cidr_block": "",
            "ipv6_cidr_block_network_border_group": "",
            "ipv6_ipam_pool_id": "",
            "ipv6_netmask_length": 0,
            "main_route_table_id": "rtb-05121a34c8b10ac0e",
            "owner_id": "654654630095",
            "tags": null,
            "tags_all": {}
          },
          "sensitive_attributes": [],
          "private": "eyJzY2hlbWFfdmVyc2lvbiI6IjEifQ=="
        }
      ]
    },
    {
      "module": "module.amns-igw",
      "mode": "managed",
      "type": "aws_internet_gateway",
      "name": "main",
      "provider": "provider[\"registry.terraform.io/hashicorp/aws\"]",
      "instances": [
        {
          "schema_version": 0,
          "attributes": {
            "arn": "arn:aws:ec2:eu-west-2:654654630095:internet-gateway/igw-0cefb81107c1c96fa",
            "id": "igw-0cefb81107c1c96fa",
            "owner_id": "654654630095",
            "tags": {
              "Component": "igw",
              "Name": "Dev-Linux-igw"
            },
            "tags_all": {
              "Component": "igw",
              "Name": "Dev-Linux-igw"
            },
            "timeouts": null,
            "vpc_id": "vpc-07fa2c457841e8985"
          },
          "sensitive_attributes": [],
          "private": "eyJlMmJmYjczMC1lY2FhLTExZTYtOGY4OC0zNDM2M2JjN2M0YzAiOnsiY3JlYXRlIjoxMjAwMDAwMDAwMDAwLCJkZWxldGUiOjEyMDAwMDAwMDAwMDAsInVwZGF0ZSI6MTIwMDAwMDAwMDAwMH19",
          "dependencies": [
            "aws_vpc.ams_vpc"
          ]
        }
      ]
    },
    {
      "module": "module.amns_transit_gtw",
      "mode": "managed",
      "type": "aws_ec2_transit_gateway",
      "name": "transit_gateway",
      "provider": "provider[\"registry.terraform.io/hashicorp/aws\"]",
      "instances": [
        {
          "schema_version": 0,
          "attributes": {
            "amazon_side_asn": 64512,
            "arn": "arn:aws:ec2:eu-west-2:654654630095:transit-gateway/tgw-0b7f99fb27a40dcbd",
            "association_default_route_table_id": "",
            "auto_accept_shared_attachments": "disable",
            "default_route_table_association": "disable",
            "default_route_table_propagation": "disable",
            "description": "",
            "dns_support": "disable",
            "id": "tgw-0b7f99fb27a40dcbd",
            "multicast_support": "disable",
            "owner_id": "654654630095",
            "propagation_default_route_table_id": "",
            "tags": {
              "Component": "transit-gateway",
              "Name": "Dev-Linux-transit-gateway"
            },
            "tags_all": {
              "Component": "transit-gateway",
              "Name": "Dev-Linux-transit-gateway"
            },
            "timeouts": null,
            "transit_gateway_cidr_blocks": null,
            "vpn_ecmp_support": "disable"
          },
          "sensitive_attributes": [],
          "private": "eyJlMmJmYjczMC1lY2FhLTExZTYtOGY4OC0zNDM2M2JjN2M0YzAiOnsiY3JlYXRlIjo2MDAwMDAwMDAwMDAsImRlbGV0ZSI6NjAwMDAwMDAwMDAwLCJ1cGRhdGUiOjYwMDAwMDAwMDAwMH19"
        }
      ]
    },
    {
      "module": "module.amns_vpc_routing_table",
      "mode": "managed",
      "type": "aws_route_table",
      "name": "main",
      "provider": "provider[\"registry.terraform.io/hashicorp/aws\"]",
      "instances": [
        {
          "schema_version": 0,
          "attributes": {
            "arn": "arn:aws:ec2:eu-west-2:654654630095:route-table/rtb-098f2781fd09fa6cc",
            "id": "rtb-098f2781fd09fa6cc",
            "owner_id": "654654630095",
            "propagating_vgws": [],
            "route": [],
            "tags": {
              "Component": "rt",
              "Name": "Dev-Linux-rt-test-table"
            },
            "tags_all": {
              "Component": "rt",
              "Name": "Dev-Linux-rt-test-table"
            },
            "timeouts": null,
            "vpc_id": "vpc-07fa2c457841e8985"
          },
          "sensitive_attributes": [],
          "private": "eyJlMmJmYjczMC1lY2FhLTExZTYtOGY4OC0zNDM2M2JjN2M0YzAiOnsiY3JlYXRlIjozMDAwMDAwMDAwMDAsImRlbGV0ZSI6MzAwMDAwMDAwMDAwLCJ1cGRhdGUiOjEyMDAwMDAwMDAwMH19",
          "dependencies": [
            "aws_vpc.ams_vpc"
          ]
        }
      ]
    },
    {
      "module": "module.ans-natgatw",
      "mode": "managed",
      "type": "aws_nat_gateway",
      "name": "main",
      "provider": "provider[\"registry.terraform.io/hashicorp/aws\"]",
      "instances": [
        {
          "schema_version": 0,
          "attributes": {
            "allocation_id": "",
            "association_id": "",
            "connectivity_type": "private",
            "id": "nat-012e6fa3ecd836727",
            "network_interface_id": "eni-08140362619464681",
            "private_ip": "10.165.48.13",
            "public_ip": "",
            "subnet_id": "subnet-0d59e43e84bba6ba4",
            "tags": {
              "Component": "nat",
              "Name": "Dev-Linux-nat-"
            },
            "tags_all": {
              "Component": "nat",
              "Name": "Dev-Linux-nat-"
            }
          },
          "sensitive_attributes": [],
          "private": "bnVsbA==",
          "dependencies": [
            "aws_subnet.amns_subnet",
            "aws_vpc.ams_vpc"
          ]
        }
      ]
    }
  ],
  "check_results": null
}
