{
  "version": 4,
  "terraform_version": "1.3.9",
  "serial": 462,
  "lineage": "8c302710-495a-8647-195c-19f94fb36536",
  "outputs": {},
  "resources": [
    {
      "module": "module.amns-igw",
      "mode": "managed",
      "type": "aws_internet_gateway",
      "name": "main",
      "provider": "provider[\"registry.terraform.io/hashicorp/aws\"]",
      "instances": [
        {
          "status": "tainted",
          "schema_version": 0,
          "attributes": {
            "arn": null,
            "id": "igw-0a6a01d58e21ba678",
            "owner_id": null,
            "tags": {
              "Component": "igw",
              "Name": "Dev-Linux-igw"
            },
            "tags_all": {
              "Component": "igw",
              "Name": "Dev-Linux-igw"
            },
            "timeouts": null,
            "vpc_id": "10.165.56.0/24"
          },
          "sensitive_attributes": [],
          "private": "eyJlMmJmYjczMC1lY2FhLTExZTYtOGY4OC0zNDM2M2JjN2M0YzAiOnsiY3JlYXRlIjoxMjAwMDAwMDAwMDAwLCJkZWxldGUiOjEyMDAwMDAwMDAwMDAsInVwZGF0ZSI6MTIwMDAwMDAwMDAwMH19"
        }
      ]
    },
    {
      "module": "module.prod-ac-wl[\"C1C97-C2-100-APS1-VPC-01\"]",
      "mode": "managed",
      "type": "aws_subnet",
      "name": "subnet",
      "provider": "provider[\"registry.terraform.io/hashicorp/aws\"]",
      "instances": [
        {
          "index_key": "C1C97-C2-100-TGW-APS1A-PVT",
          "schema_version": 1,
          "attributes": {
            "arn": "arn:aws:ec2:eu-west-2:654654630095:subnet/subnet-029c47a10034e3c40",
            "assign_ipv6_address_on_creation": false,
            "availability_zone": "eu-west-2c",
            "availability_zone_id": "euw2-az1",
            "cidr_block": "10.165.52.0/28",
            "customer_owned_ipv4_pool": "",
            "enable_dns64": false,
            "enable_lni_at_device_index": 0,
            "enable_resource_name_dns_a_record_on_launch": false,
            "enable_resource_name_dns_aaaa_record_on_launch": false,
            "id": "subnet-029c47a10034e3c40",
            "ipv6_cidr_block": "",
            "ipv6_cidr_block_association_id": "",
            "ipv6_native": false,
            "map_customer_owned_ip_on_launch": false,
            "map_public_ip_on_launch": false,
            "outpost_arn": "",
            "owner_id": "654654630095",
            "private_dns_hostname_type_on_launch": "ip-name",
            "tags": {
              "Name": "C1C97-C2-100-TGW-APS1A-PVT"
            },
            "tags_all": {
              "Name": "C1C97-C2-100-TGW-APS1A-PVT"
            },
            "timeouts": null,
            "vpc_id": "vpc-0f5ac6db5a0b43bcb"
          },
          "sensitive_attributes": [],
          "private": "eyJlMmJmYjczMC1lY2FhLTExZTYtOGY4OC0zNDM2M2JjN2M0YzAiOnsiY3JlYXRlIjo2MDAwMDAwMDAwMDAsImRlbGV0ZSI6MTIwMDAwMDAwMDAwMH0sInNjaGVtYV92ZXJzaW9uIjoiMSJ9",
          "dependencies": [
            "module.prod-ac-wl.aws_vpc.vpc"
          ]
        },
        {
          "index_key": "C1C97-C2-100-TGW-APS1B-PVT",
          "schema_version": 1,
          "attributes": {
            "arn": "arn:aws:ec2:eu-west-2:654654630095:subnet/subnet-0405d1f42b2da1925",
            "assign_ipv6_address_on_creation": false,
            "availability_zone": "eu-west-2b",
            "availability_zone_id": "euw2-az3",
            "cidr_block": "10.165.52.16/28",
            "customer_owned_ipv4_pool": "",
            "enable_dns64": false,
            "enable_lni_at_device_index": 0,
            "enable_resource_name_dns_a_record_on_launch": false,
            "enable_resource_name_dns_aaaa_record_on_launch": false,
            "id": "subnet-0405d1f42b2da1925",
            "ipv6_cidr_block": "",
            "ipv6_cidr_block_association_id": "",
            "ipv6_native": false,
            "map_customer_owned_ip_on_launch": false,
            "map_public_ip_on_launch": false,
            "outpost_arn": "",
            "owner_id": "654654630095",
            "private_dns_hostname_type_on_launch": "ip-name",
            "tags": {
              "Name": "C1C97-C2-100-TGW-APS1B-PVT"
            },
            "tags_all": {
              "Name": "C1C97-C2-100-TGW-APS1B-PVT"
            },
            "timeouts": null,
            "vpc_id": "vpc-0f5ac6db5a0b43bcb"
          },
          "sensitive_attributes": [],
          "private": "eyJlMmJmYjczMC1lY2FhLTExZTYtOGY4OC0zNDM2M2JjN2M0YzAiOnsiY3JlYXRlIjo2MDAwMDAwMDAwMDAsImRlbGV0ZSI6MTIwMDAwMDAwMDAwMH0sInNjaGVtYV92ZXJzaW9uIjoiMSJ9",
          "dependencies": [
            "module.prod-ac-wl.aws_vpc.vpc"
          ]
        },
        {
          "index_key": "C1C97-C2-200-APP-APS1A-PVT",
          "schema_version": 1,
          "attributes": {
            "arn": "arn:aws:ec2:eu-west-2:654654630095:subnet/subnet-06fcab0fc797a063a",
            "assign_ipv6_address_on_creation": false,
            "availability_zone": "eu-west-2a",
            "availability_zone_id": "euw2-az2",
            "cidr_block": "10.165.54.0/24",
            "customer_owned_ipv4_pool": "",
            "enable_dns64": false,
            "enable_lni_at_device_index": 0,
            "enable_resource_name_dns_a_record_on_launch": false,
            "enable_resource_name_dns_aaaa_record_on_launch": false,
            "id": "subnet-06fcab0fc797a063a",
            "ipv6_cidr_block": "",
            "ipv6_cidr_block_association_id": "",
            "ipv6_native": false,
            "map_customer_owned_ip_on_launch": false,
            "map_public_ip_on_launch": false,
            "outpost_arn": "",
            "owner_id": "654654630095",
            "private_dns_hostname_type_on_launch": "ip-name",
            "tags": {
              "Name": "C1C97-C2-200-APP-APS1A-PVT"
            },
            "tags_all": {
              "Name": "C1C97-C2-200-APP-APS1A-PVT"
            },
            "timeouts": null,
            "vpc_id": "vpc-0f5ac6db5a0b43bcb"
          },
          "sensitive_attributes": [],
          "private": "eyJlMmJmYjczMC1lY2FhLTExZTYtOGY4OC0zNDM2M2JjN2M0YzAiOnsiY3JlYXRlIjo2MDAwMDAwMDAwMDAsImRlbGV0ZSI6MTIwMDAwMDAwMDAwMH0sInNjaGVtYV92ZXJzaW9uIjoiMSJ9",
          "dependencies": [
            "module.prod-ac-wl.aws_vpc.vpc"
          ]
        },
        {
          "index_key": "C1C97-C2-200-BASTION-APS1A-PVT",
          "schema_version": 1,
          "attributes": {
            "arn": "arn:aws:ec2:eu-west-2:654654630095:subnet/subnet-08771862741a562fc",
            "assign_ipv6_address_on_creation": false,
            "availability_zone": "eu-west-2a",
            "availability_zone_id": "euw2-az2",
            "cidr_block": "10.165.52.32/27",
            "customer_owned_ipv4_pool": "",
            "enable_dns64": false,
            "enable_lni_at_device_index": 0,
            "enable_resource_name_dns_a_record_on_launch": false,
            "enable_resource_name_dns_aaaa_record_on_launch": false,
            "id": "subnet-08771862741a562fc",
            "ipv6_cidr_block": "",
            "ipv6_cidr_block_association_id": "",
            "ipv6_native": false,
            "map_customer_owned_ip_on_launch": false,
            "map_public_ip_on_launch": false,
            "outpost_arn": "",
            "owner_id": "654654630095",
            "private_dns_hostname_type_on_launch": "ip-name",
            "tags": {
              "Name": "C1C97-C2-200-BASTION-APS1A-PVT"
            },
            "tags_all": {
              "Name": "C1C97-C2-200-BASTION-APS1A-PVT"
            },
            "timeouts": null,
            "vpc_id": "vpc-0f5ac6db5a0b43bcb"
          },
          "sensitive_attributes": [],
          "private": "eyJlMmJmYjczMC1lY2FhLTExZTYtOGY4OC0zNDM2M2JjN2M0YzAiOnsiY3JlYXRlIjo2MDAwMDAwMDAwMDAsImRlbGV0ZSI6MTIwMDAwMDAwMDAwMH0sInNjaGVtYV92ZXJzaW9uIjoiMSJ9",
          "dependencies": [
            "module.prod-ac-wl.aws_vpc.vpc"
          ]
        },
        {
          "index_key": "C1C97-C2-200-DB-APS1A-PVT",
          "schema_version": 1,
          "attributes": {
            "arn": "arn:aws:ec2:eu-west-2:654654630095:subnet/subnet-0ac17efef6c1faf9b",
            "assign_ipv6_address_on_creation": false,
            "availability_zone": "eu-west-2b",
            "availability_zone_id": "euw2-az3",
            "cidr_block": "10.165.53.128/25",
            "customer_owned_ipv4_pool": "",
            "enable_dns64": false,
            "enable_lni_at_device_index": 0,
            "enable_resource_name_dns_a_record_on_launch": false,
            "enable_resource_name_dns_aaaa_record_on_launch": false,
            "id": "subnet-0ac17efef6c1faf9b",
            "ipv6_cidr_block": "",
            "ipv6_cidr_block_association_id": "",
            "ipv6_native": false,
            "map_customer_owned_ip_on_launch": false,
            "map_public_ip_on_launch": false,
            "outpost_arn": "",
            "owner_id": "654654630095",
            "private_dns_hostname_type_on_launch": "ip-name",
            "tags": {
              "Name": "C1C97-C2-200-DB-APS1A-PVT"
            },
            "tags_all": {
              "Name": "C1C97-C2-200-DB-APS1A-PVT"
            },
            "timeouts": null,
            "vpc_id": "vpc-0f5ac6db5a0b43bcb"
          },
          "sensitive_attributes": [],
          "private": "eyJlMmJmYjczMC1lY2FhLTExZTYtOGY4OC0zNDM2M2JjN2M0YzAiOnsiY3JlYXRlIjo2MDAwMDAwMDAwMDAsImRlbGV0ZSI6MTIwMDAwMDAwMDAwMH0sInNjaGVtYV92ZXJzaW9uIjoiMSJ9",
          "dependencies": [
            "module.prod-ac-wl.aws_vpc.vpc"
          ]
        },
        {
          "index_key": "C1C97-C2-200-WEB-APS1A-PVT",
          "schema_version": 1,
          "attributes": {
            "arn": "arn:aws:ec2:eu-west-2:654654630095:subnet/subnet-019b68d4c0b77790b",
            "assign_ipv6_address_on_creation": false,
            "availability_zone": "eu-west-2b",
            "availability_zone_id": "euw2-az3",
            "cidr_block": "10.165.52.128/25",
            "customer_owned_ipv4_pool": "",
            "enable_dns64": false,
            "enable_lni_at_device_index": 0,
            "enable_resource_name_dns_a_record_on_launch": false,
            "enable_resource_name_dns_aaaa_record_on_launch": false,
            "id": "subnet-019b68d4c0b77790b",
            "ipv6_cidr_block": "",
            "ipv6_cidr_block_association_id": "",
            "ipv6_native": false,
            "map_customer_owned_ip_on_launch": false,
            "map_public_ip_on_launch": false,
            "outpost_arn": "",
            "owner_id": "654654630095",
            "private_dns_hostname_type_on_launch": "ip-name",
            "tags": {
              "Name": "C1C97-C2-200-WEB-APS1A-PVT"
            },
            "tags_all": {
              "Name": "C1C97-C2-200-WEB-APS1A-PVT"
            },
            "timeouts": null,
            "vpc_id": "vpc-0f5ac6db5a0b43bcb"
          },
          "sensitive_attributes": [],
          "private": "eyJlMmJmYjczMC1lY2FhLTExZTYtOGY4OC0zNDM2M2JjN2M0YzAiOnsiY3JlYXRlIjo2MDAwMDAwMDAwMDAsImRlbGV0ZSI6MTIwMDAwMDAwMDAwMH0sInNjaGVtYV92ZXJzaW9uIjoiMSJ9",
          "dependencies": [
            "module.prod-ac-wl.aws_vpc.vpc"
          ]
        },
        {
          "index_key": "C1C97-C2-200-WEB-APS1B-PVT",
          "schema_version": 1,
          "attributes": {
            "arn": "arn:aws:ec2:eu-west-2:654654630095:subnet/subnet-0190c02eaac2857bd",
            "assign_ipv6_address_on_creation": false,
            "availability_zone": "eu-west-2c",
            "availability_zone_id": "euw2-az1",
            "cidr_block": "10.165.53.0/25",
            "customer_owned_ipv4_pool": "",
            "enable_dns64": false,
            "enable_lni_at_device_index": 0,
            "enable_resource_name_dns_a_record_on_launch": false,
            "enable_resource_name_dns_aaaa_record_on_launch": false,
            "id": "subnet-0190c02eaac2857bd",
            "ipv6_cidr_block": "",
            "ipv6_cidr_block_association_id": "",
            "ipv6_native": false,
            "map_customer_owned_ip_on_launch": false,
            "map_public_ip_on_launch": false,
            "outpost_arn": "",
            "owner_id": "654654630095",
            "private_dns_hostname_type_on_launch": "ip-name",
            "tags": {
              "Name": "C1C97-C2-200-WEB-APS1B-PVT"
            },
            "tags_all": {
              "Name": "C1C97-C2-200-WEB-APS1B-PVT"
            },
            "timeouts": null,
            "vpc_id": "vpc-0f5ac6db5a0b43bcb"
          },
          "sensitive_attributes": [],
          "private": "eyJlMmJmYjczMC1lY2FhLTExZTYtOGY4OC0zNDM2M2JjN2M0YzAiOnsiY3JlYXRlIjo2MDAwMDAwMDAwMDAsImRlbGV0ZSI6MTIwMDAwMDAwMDAwMH0sInNjaGVtYV92ZXJzaW9uIjoiMSJ9",
          "dependencies": [
            "module.prod-ac-wl.aws_vpc.vpc"
          ]
        }
      ]
    },
    {
      "module": "module.prod-ac-wl[\"C1C97-C2-100-APS1-VPC-01\"]",
      "mode": "managed",
      "type": "aws_vpc",
      "name": "vpc",
      "provider": "provider[\"registry.terraform.io/hashicorp/aws\"]",
      "instances": [
        {
          "schema_version": 1,
          "attributes": {
            "arn": "arn:aws:ec2:eu-west-2:654654630095:vpc/vpc-0f5ac6db5a0b43bcb",
            "assign_generated_ipv6_cidr_block": false,
            "cidr_block": "10.165.52.0/22",
            "default_network_acl_id": "acl-056f640f52dea087b",
            "default_route_table_id": "rtb-05654ec4a36a70f40",
            "default_security_group_id": "sg-099506d3acc5d62e9",
            "dhcp_options_id": "dopt-039f58ce97416b7bd",
            "enable_dns_hostnames": false,
            "enable_dns_support": true,
            "enable_network_address_usage_metrics": false,
            "id": "vpc-0f5ac6db5a0b43bcb",
            "instance_tenancy": "default",
            "ipv4_ipam_pool_id": null,
            "ipv4_netmask_length": null,
            "ipv6_association_id": "",
            "ipv6_cidr_block": "",
            "ipv6_cidr_block_network_border_group": "",
            "ipv6_ipam_pool_id": "",
            "ipv6_netmask_length": 0,
            "main_route_table_id": "rtb-05654ec4a36a70f40",
            "owner_id": "654654630095",
            "tags": {
              "Name": "C1C97-C2-100-APS1-VPC-01"
            },
            "tags_all": {
              "Name": "C1C97-C2-100-APS1-VPC-01"
            }
          },
          "sensitive_attributes": [],
          "private": "eyJzY2hlbWFfdmVyc2lvbiI6IjEifQ=="
        }
      ]
    },
    {
      "module": "module.prod-ac-wl[\"C1C97-C2-200-APS1-PD-VPC-01\"]",
      "mode": "managed",
      "type": "aws_subnet",
      "name": "subnet",
      "provider": "provider[\"registry.terraform.io/hashicorp/aws\"]",
      "instances": [
        {
          "index_key": "C1C97-C2-200-TGW-APS1A-PVT",
          "schema_version": 1,
          "attributes": {
            "arn": "arn:aws:ec2:eu-west-2:654654630095:subnet/subnet-01f6f621a1b3677e0",
            "assign_ipv6_address_on_creation": false,
            "availability_zone": "eu-west-2a",
            "availability_zone_id": "euw2-az2",
            "cidr_block": "10.165.48.0/28",
            "customer_owned_ipv4_pool": "",
            "enable_dns64": false,
            "enable_lni_at_device_index": 0,
            "enable_resource_name_dns_a_record_on_launch": false,
            "enable_resource_name_dns_aaaa_record_on_launch": false,
            "id": "subnet-01f6f621a1b3677e0",
            "ipv6_cidr_block": "",
            "ipv6_cidr_block_association_id": "",
            "ipv6_native": false,
            "map_customer_owned_ip_on_launch": false,
            "map_public_ip_on_launch": false,
            "outpost_arn": "",
            "owner_id": "654654630095",
            "private_dns_hostname_type_on_launch": "ip-name",
            "tags": {
              "Name": "C1C97-C2-200-TGW-APS1A-PVT"
            },
            "tags_all": {
              "Name": "C1C97-C2-200-TGW-APS1A-PVT"
            },
            "timeouts": null,
            "vpc_id": "vpc-00880ce34ac450e83"
          },
          "sensitive_attributes": [],
          "private": "eyJlMmJmYjczMC1lY2FhLTExZTYtOGY4OC0zNDM2M2JjN2M0YzAiOnsiY3JlYXRlIjo2MDAwMDAwMDAwMDAsImRlbGV0ZSI6MTIwMDAwMDAwMDAwMH0sInNjaGVtYV92ZXJzaW9uIjoiMSJ9",
          "dependencies": [
            "module.prod-ac-wl.aws_vpc.vpc"
          ]
        },
        {
          "index_key": "C1C97-C2-200-TGW-APS1B-PVT",
          "schema_version": 1,
          "attributes": {
            "arn": "arn:aws:ec2:eu-west-2:654654630095:subnet/subnet-042d9ce27daa1efea",
            "assign_ipv6_address_on_creation": false,
            "availability_zone": "eu-west-2a",
            "availability_zone_id": "euw2-az2",
            "cidr_block": "10.165.48.16/28",
            "customer_owned_ipv4_pool": "",
            "enable_dns64": false,
            "enable_lni_at_device_index": 0,
            "enable_resource_name_dns_a_record_on_launch": false,
            "enable_resource_name_dns_aaaa_record_on_launch": false,
            "id": "subnet-042d9ce27daa1efea",
            "ipv6_cidr_block": "",
            "ipv6_cidr_block_association_id": "",
            "ipv6_native": false,
            "map_customer_owned_ip_on_launch": false,
            "map_public_ip_on_launch": false,
            "outpost_arn": "",
            "owner_id": "654654630095",
            "private_dns_hostname_type_on_launch": "ip-name",
            "tags": {
              "Name": "C1C97-C2-200-TGW-APS1B-PVT"
            },
            "tags_all": {
              "Name": "C1C97-C2-200-TGW-APS1B-PVT"
            },
            "timeouts": null,
            "vpc_id": "vpc-00880ce34ac450e83"
          },
          "sensitive_attributes": [],
          "private": "eyJlMmJmYjczMC1lY2FhLTExZTYtOGY4OC0zNDM2M2JjN2M0YzAiOnsiY3JlYXRlIjo2MDAwMDAwMDAwMDAsImRlbGV0ZSI6MTIwMDAwMDAwMDAwMH0sInNjaGVtYV92ZXJzaW9uIjoiMSJ9",
          "dependencies": [
            "module.prod-ac-wl.aws_vpc.vpc"
          ]
        }
      ]
    },
    {
      "module": "module.prod-ac-wl[\"C1C97-C2-200-APS1-PD-VPC-01\"]",
      "mode": "managed",
      "type": "aws_vpc",
      "name": "vpc",
      "provider": "provider[\"registry.terraform.io/hashicorp/aws\"]",
      "instances": [
        {
          "schema_version": 1,
          "attributes": {
            "arn": "arn:aws:ec2:eu-west-2:654654630095:vpc/vpc-00880ce34ac450e83",
            "assign_generated_ipv6_cidr_block": false,
            "cidr_block": "10.165.48.0/22",
            "default_network_acl_id": "acl-0be58bca920931a5c",
            "default_route_table_id": "rtb-07342075fdcbaa338",
            "default_security_group_id": "sg-0abf6769a7d79bcbf",
            "dhcp_options_id": "dopt-039f58ce97416b7bd",
            "enable_dns_hostnames": false,
            "enable_dns_support": true,
            "enable_network_address_usage_metrics": false,
            "id": "vpc-00880ce34ac450e83",
            "instance_tenancy": "default",
            "ipv4_ipam_pool_id": null,
            "ipv4_netmask_length": null,
            "ipv6_association_id": "",
            "ipv6_cidr_block": "",
            "ipv6_cidr_block_network_border_group": "",
            "ipv6_ipam_pool_id": "",
            "ipv6_netmask_length": 0,
            "main_route_table_id": "rtb-07342075fdcbaa338",
            "owner_id": "654654630095",
            "tags": {
              "Name": "C1C97-C2-200-APS1-PD-VPC-01"
            },
            "tags_all": {
              "Name": "C1C97-C2-200-APS1-PD-VPC-01"
            }
          },
          "sensitive_attributes": [],
          "private": "eyJzY2hlbWFfdmVyc2lvbiI6IjEifQ=="
        }
      ]
    },
    {
      "module": "module.prod-ac-wl[\"C1C97-C2-200-SS-APS1-VPC-01\"]",
      "mode": "managed",
      "type": "aws_subnet",
      "name": "subnet",
      "provider": "provider[\"registry.terraform.io/hashicorp/aws\"]",
      "instances": [
        {
          "index_key": "C1C97-C2-200-SS-COMMN-APS1A-PVT",
          "schema_version": 1,
          "attributes": {
            "arn": "arn:aws:ec2:eu-west-2:654654630095:subnet/subnet-09ed2f26cfae980d8",
            "assign_ipv6_address_on_creation": false,
            "availability_zone": "eu-west-2c",
            "availability_zone_id": "euw2-az1",
            "cidr_block": "10.165.56.128/25",
            "customer_owned_ipv4_pool": "",
            "enable_dns64": false,
            "enable_lni_at_device_index": 0,
            "enable_resource_name_dns_a_record_on_launch": false,
            "enable_resource_name_dns_aaaa_record_on_launch": false,
            "id": "subnet-09ed2f26cfae980d8",
            "ipv6_cidr_block": "",
            "ipv6_cidr_block_association_id": "",
            "ipv6_native": false,
            "map_customer_owned_ip_on_launch": false,
            "map_public_ip_on_launch": false,
            "outpost_arn": "",
            "owner_id": "654654630095",
            "private_dns_hostname_type_on_launch": "ip-name",
            "tags": {
              "Name": "C1C97-C2-200-SS-COMMN-APS1A-PVT"
            },
            "tags_all": {
              "Name": "C1C97-C2-200-SS-COMMN-APS1A-PVT"
            },
            "timeouts": null,
            "vpc_id": "vpc-0f992d7e551247f57"
          },
          "sensitive_attributes": [],
          "private": "eyJlMmJmYjczMC1lY2FhLTExZTYtOGY4OC0zNDM2M2JjN2M0YzAiOnsiY3JlYXRlIjo2MDAwMDAwMDAwMDAsImRlbGV0ZSI6MTIwMDAwMDAwMDAwMH0sInNjaGVtYV92ZXJzaW9uIjoiMSJ9",
          "dependencies": [
            "module.prod-ac-wl.aws_vpc.vpc"
          ]
        },
        {
          "index_key": "C1C97-C2-200-SS-TGW-APS1A-PVT",
          "schema_version": 1,
          "attributes": {
            "arn": "arn:aws:ec2:eu-west-2:654654630095:subnet/subnet-0584f0fa07f0e8d19",
            "assign_ipv6_address_on_creation": false,
            "availability_zone": "eu-west-2b",
            "availability_zone_id": "euw2-az3",
            "cidr_block": "10.165.56.0/28",
            "customer_owned_ipv4_pool": "",
            "enable_dns64": false,
            "enable_lni_at_device_index": 0,
            "enable_resource_name_dns_a_record_on_launch": false,
            "enable_resource_name_dns_aaaa_record_on_launch": false,
            "id": "subnet-0584f0fa07f0e8d19",
            "ipv6_cidr_block": "",
            "ipv6_cidr_block_association_id": "",
            "ipv6_native": false,
            "map_customer_owned_ip_on_launch": false,
            "map_public_ip_on_launch": false,
            "outpost_arn": "",
            "owner_id": "654654630095",
            "private_dns_hostname_type_on_launch": "ip-name",
            "tags": {
              "Name": "C1C97-C2-200-SS-TGW-APS1A-PVT"
            },
            "tags_all": {
              "Name": "C1C97-C2-200-SS-TGW-APS1A-PVT"
            },
            "timeouts": null,
            "vpc_id": "vpc-0f992d7e551247f57"
          },
          "sensitive_attributes": [],
          "private": "eyJlMmJmYjczMC1lY2FhLTExZTYtOGY4OC0zNDM2M2JjN2M0YzAiOnsiY3JlYXRlIjo2MDAwMDAwMDAwMDAsImRlbGV0ZSI6MTIwMDAwMDAwMDAwMH0sInNjaGVtYV92ZXJzaW9uIjoiMSJ9",
          "dependencies": [
            "module.prod-ac-wl.aws_vpc.vpc"
          ]
        },
        {
          "index_key": "C1C97-C2-200-SS-TGW-APS1B-PVT",
          "schema_version": 1,
          "attributes": {
            "arn": "arn:aws:ec2:eu-west-2:654654630095:subnet/subnet-0efdb9fcd342794cc",
            "assign_ipv6_address_on_creation": false,
            "availability_zone": "eu-west-2c",
            "availability_zone_id": "euw2-az1",
            "cidr_block": "10.165.56.16/28",
            "customer_owned_ipv4_pool": "",
            "enable_dns64": false,
            "enable_lni_at_device_index": 0,
            "enable_resource_name_dns_a_record_on_launch": false,
            "enable_resource_name_dns_aaaa_record_on_launch": false,
            "id": "subnet-0efdb9fcd342794cc",
            "ipv6_cidr_block": "",
            "ipv6_cidr_block_association_id": "",
            "ipv6_native": false,
            "map_customer_owned_ip_on_launch": false,
            "map_public_ip_on_launch": false,
            "outpost_arn": "",
            "owner_id": "654654630095",
            "private_dns_hostname_type_on_launch": "ip-name",
            "tags": {
              "Name": "C1C97-C2-200-SS-TGW-APS1B-PVT"
            },
            "tags_all": {
              "Name": "C1C97-C2-200-SS-TGW-APS1B-PVT"
            },
            "timeouts": null,
            "vpc_id": "vpc-0f992d7e551247f57"
          },
          "sensitive_attributes": [],
          "private": "eyJlMmJmYjczMC1lY2FhLTExZTYtOGY4OC0zNDM2M2JjN2M0YzAiOnsiY3JlYXRlIjo2MDAwMDAwMDAwMDAsImRlbGV0ZSI6MTIwMDAwMDAwMDAwMH0sInNjaGVtYV92ZXJzaW9uIjoiMSJ9",
          "dependencies": [
            "module.prod-ac-wl.aws_vpc.vpc"
          ]
        }
      ]
    },
    {
      "module": "module.prod-ac-wl[\"C1C97-C2-200-SS-APS1-VPC-01\"]",
      "mode": "managed",
      "type": "aws_vpc",
      "name": "vpc",
      "provider": "provider[\"registry.terraform.io/hashicorp/aws\"]",
      "instances": [
        {
          "schema_version": 1,
          "attributes": {
            "arn": "arn:aws:ec2:eu-west-2:654654630095:vpc/vpc-0f992d7e551247f57",
            "assign_generated_ipv6_cidr_block": false,
            "cidr_block": "10.165.56.0/24",
            "default_network_acl_id": "acl-0b2162d3cba833cf9",
            "default_route_table_id": "rtb-074a455e3610a2ceb",
            "default_security_group_id": "sg-0e0107ff8f90d49bc",
            "dhcp_options_id": "dopt-039f58ce97416b7bd",
            "enable_dns_hostnames": false,
            "enable_dns_support": true,
            "enable_network_address_usage_metrics": false,
            "id": "vpc-0f992d7e551247f57",
            "instance_tenancy": "default",
            "ipv4_ipam_pool_id": null,
            "ipv4_netmask_length": null,
            "ipv6_association_id": "",
            "ipv6_cidr_block": "",
            "ipv6_cidr_block_network_border_group": "",
            "ipv6_ipam_pool_id": "",
            "ipv6_netmask_length": 0,
            "main_route_table_id": "rtb-074a455e3610a2ceb",
            "owner_id": "654654630095",
            "tags": {
              "Name": "C1C97-C2-200-SS-APS1-VPC-01"
            },
            "tags_all": {
              "Name": "C1C97-C2-200-SS-APS1-VPC-01"
            }
          },
          "sensitive_attributes": [],
          "private": "eyJzY2hlbWFfdmVyc2lvbiI6IjEifQ=="
        }
      ]
    }
  ],
  "check_results": null
}
