{
  "version": 4,
  "terraform_version": "1.3.9",
  "serial": 100,
  "lineage": "8c302710-495a-8647-195c-19f94fb36536",
  "outputs": {},
  "resources": [
    {
      "module": "module.prod-ac-wl[\"C1C97-C2-300-APS2-VPC-01\"]",
      "mode": "managed",
      "type": "aws_subnet",
      "name": "subnet",
      "provider": "provider[\"registry.terraform.io/hashicorp/aws\"]",
      "instances": [
        {
          "index_key": "C1C97-C2-300-APP-APS2A-PVT",
          "schema_version": 1,
          "attributes": {
            "arn": "arn:aws:ec2:eu-west-2:480746729376:subnet/subnet-0a45e4d47b9b88bfc",
            "assign_ipv6_address_on_creation": false,
            "availability_zone": "eu-west-2c",
            "availability_zone_id": "euw2-az1",
            "cidr_block": "10.165.62.0/24",
            "customer_owned_ipv4_pool": "",
            "enable_dns64": false,
            "enable_lni_at_device_index": 0,
            "enable_resource_name_dns_a_record_on_launch": false,
            "enable_resource_name_dns_aaaa_record_on_launch": false,
            "id": "subnet-0a45e4d47b9b88bfc",
            "ipv6_cidr_block": "",
            "ipv6_cidr_block_association_id": "",
            "ipv6_native": false,
            "map_customer_owned_ip_on_launch": false,
            "map_public_ip_on_launch": false,
            "outpost_arn": "",
            "owner_id": "480746729376",
            "private_dns_hostname_type_on_launch": "ip-name",
            "tags": {
              "Name": "C1C97-C2-300-APP-APS2A-PVT"
            },
            "tags_all": {
              "Name": "C1C97-C2-300-APP-APS2A-PVT"
            },
            "timeouts": null,
            "vpc_id": "vpc-08bbb6fdb4fb662ef"
          },
          "sensitive_attributes": [],
          "private": "eyJlMmJmYjczMC1lY2FhLTExZTYtOGY4OC0zNDM2M2JjN2M0YzAiOnsiY3JlYXRlIjo2MDAwMDAwMDAwMDAsImRlbGV0ZSI6MTIwMDAwMDAwMDAwMH0sInNjaGVtYV92ZXJzaW9uIjoiMSJ9",
          "dependencies": [
            "module.prod-ac-wl.aws_vpc.vpc"
          ]
        },
        {
          "index_key": "C1C97-C2-300-BASTION-APS2A-PVT",
          "schema_version": 1,
          "attributes": {
            "arn": "arn:aws:ec2:eu-west-2:480746729376:subnet/subnet-05aa1088d01e92cbd",
            "assign_ipv6_address_on_creation": false,
            "availability_zone": "eu-west-2a",
            "availability_zone_id": "euw2-az2",
            "cidr_block": "10.165.60.32/27",
            "customer_owned_ipv4_pool": "",
            "enable_dns64": false,
            "enable_lni_at_device_index": 0,
            "enable_resource_name_dns_a_record_on_launch": false,
            "enable_resource_name_dns_aaaa_record_on_launch": false,
            "id": "subnet-05aa1088d01e92cbd",
            "ipv6_cidr_block": "",
            "ipv6_cidr_block_association_id": "",
            "ipv6_native": false,
            "map_customer_owned_ip_on_launch": false,
            "map_public_ip_on_launch": false,
            "outpost_arn": "",
            "owner_id": "480746729376",
            "private_dns_hostname_type_on_launch": "ip-name",
            "tags": {
              "Name": "C1C97-C2-300-BASTION-APS2A-PVT"
            },
            "tags_all": {
              "Name": "C1C97-C2-300-BASTION-APS2A-PVT"
            },
            "timeouts": null,
            "vpc_id": "vpc-08bbb6fdb4fb662ef"
          },
          "sensitive_attributes": [],
          "private": "eyJlMmJmYjczMC1lY2FhLTExZTYtOGY4OC0zNDM2M2JjN2M0YzAiOnsiY3JlYXRlIjo2MDAwMDAwMDAwMDAsImRlbGV0ZSI6MTIwMDAwMDAwMDAwMH0sInNjaGVtYV92ZXJzaW9uIjoiMSJ9",
          "dependencies": [
            "module.prod-ac-wl.aws_vpc.vpc"
          ]
        },
        {
          "index_key": "C1C97-C2-300-DB-APS2A-PVT",
          "schema_version": 1,
          "attributes": {
            "arn": "arn:aws:ec2:eu-west-2:480746729376:subnet/subnet-06ca5a9b6508352de",
            "assign_ipv6_address_on_creation": false,
            "availability_zone": "eu-west-2c",
            "availability_zone_id": "euw2-az1",
            "cidr_block": "10.165.63.0/25",
            "customer_owned_ipv4_pool": "",
            "enable_dns64": false,
            "enable_lni_at_device_index": 0,
            "enable_resource_name_dns_a_record_on_launch": false,
            "enable_resource_name_dns_aaaa_record_on_launch": false,
            "id": "subnet-06ca5a9b6508352de",
            "ipv6_cidr_block": "",
            "ipv6_cidr_block_association_id": "",
            "ipv6_native": false,
            "map_customer_owned_ip_on_launch": false,
            "map_public_ip_on_launch": false,
            "outpost_arn": "",
            "owner_id": "480746729376",
            "private_dns_hostname_type_on_launch": "ip-name",
            "tags": {
              "Name": "C1C97-C2-300-DB-APS2A-PVT"
            },
            "tags_all": {
              "Name": "C1C97-C2-300-DB-APS2A-PVT"
            },
            "timeouts": null,
            "vpc_id": "vpc-08bbb6fdb4fb662ef"
          },
          "sensitive_attributes": [],
          "private": "eyJlMmJmYjczMC1lY2FhLTExZTYtOGY4OC0zNDM2M2JjN2M0YzAiOnsiY3JlYXRlIjo2MDAwMDAwMDAwMDAsImRlbGV0ZSI6MTIwMDAwMDAwMDAwMH0sInNjaGVtYV92ZXJzaW9uIjoiMSJ9",
          "dependencies": [
            "module.prod-ac-wl.aws_vpc.vpc"
          ]
        },
        {
          "index_key": "C1C97-C2-300-STAGING-APS2A-PVT",
          "schema_version": 1,
          "attributes": {
            "arn": "arn:aws:ec2:eu-west-2:480746729376:subnet/subnet-01ba28d2d4f9ed454",
            "assign_ipv6_address_on_creation": false,
            "availability_zone": "eu-west-2a",
            "availability_zone_id": "euw2-az2",
            "cidr_block": "10.165.60.64/26",
            "customer_owned_ipv4_pool": "",
            "enable_dns64": false,
            "enable_lni_at_device_index": 0,
            "enable_resource_name_dns_a_record_on_launch": false,
            "enable_resource_name_dns_aaaa_record_on_launch": false,
            "id": "subnet-01ba28d2d4f9ed454",
            "ipv6_cidr_block": "",
            "ipv6_cidr_block_association_id": "",
            "ipv6_native": false,
            "map_customer_owned_ip_on_launch": false,
            "map_public_ip_on_launch": false,
            "outpost_arn": "",
            "owner_id": "480746729376",
            "private_dns_hostname_type_on_launch": "ip-name",
            "tags": {
              "Name": "C1C97-C2-300-STAGING-APS2A-PVT"
            },
            "tags_all": {
              "Name": "C1C97-C2-300-STAGING-APS2A-PVT"
            },
            "timeouts": null,
            "vpc_id": "vpc-08bbb6fdb4fb662ef"
          },
          "sensitive_attributes": [],
          "private": "eyJlMmJmYjczMC1lY2FhLTExZTYtOGY4OC0zNDM2M2JjN2M0YzAiOnsiY3JlYXRlIjo2MDAwMDAwMDAwMDAsImRlbGV0ZSI6MTIwMDAwMDAwMDAwMH0sInNjaGVtYV92ZXJzaW9uIjoiMSJ9",
          "dependencies": [
            "module.prod-ac-wl.aws_vpc.vpc"
          ]
        },
        {
          "index_key": "C1C97-C2-300-TGW-APS2A-PVT",
          "schema_version": 1,
          "attributes": {
            "arn": "arn:aws:ec2:eu-west-2:480746729376:subnet/subnet-088b46a6a5147959a",
            "assign_ipv6_address_on_creation": false,
            "availability_zone": "eu-west-2c",
            "availability_zone_id": "euw2-az1",
            "cidr_block": "10.165.60.0/28",
            "customer_owned_ipv4_pool": "",
            "enable_dns64": false,
            "enable_lni_at_device_index": 0,
            "enable_resource_name_dns_a_record_on_launch": false,
            "enable_resource_name_dns_aaaa_record_on_launch": false,
            "id": "subnet-088b46a6a5147959a",
            "ipv6_cidr_block": "",
            "ipv6_cidr_block_association_id": "",
            "ipv6_native": false,
            "map_customer_owned_ip_on_launch": false,
            "map_public_ip_on_launch": false,
            "outpost_arn": "",
            "owner_id": "480746729376",
            "private_dns_hostname_type_on_launch": "ip-name",
            "tags": {
              "Name": "C1C97-C2-300-TGW-APS2A-PVT"
            },
            "tags_all": {
              "Name": "C1C97-C2-300-TGW-APS2A-PVT"
            },
            "timeouts": null,
            "vpc_id": "vpc-08bbb6fdb4fb662ef"
          },
          "sensitive_attributes": [],
          "private": "eyJlMmJmYjczMC1lY2FhLTExZTYtOGY4OC0zNDM2M2JjN2M0YzAiOnsiY3JlYXRlIjo2MDAwMDAwMDAwMDAsImRlbGV0ZSI6MTIwMDAwMDAwMDAwMH0sInNjaGVtYV92ZXJzaW9uIjoiMSJ9",
          "dependencies": [
            "module.prod-ac-wl.aws_vpc.vpc"
          ]
        },
        {
          "index_key": "C1C97-C2-300-TGW-APS2B-PVT",
          "schema_version": 1,
          "attributes": {
            "arn": "arn:aws:ec2:eu-west-2:480746729376:subnet/subnet-035e9c5cf85f0b178",
            "assign_ipv6_address_on_creation": false,
            "availability_zone": "eu-west-2a",
            "availability_zone_id": "euw2-az2",
            "cidr_block": "10.165.60.16/28",
            "customer_owned_ipv4_pool": "",
            "enable_dns64": false,
            "enable_lni_at_device_index": 0,
            "enable_resource_name_dns_a_record_on_launch": false,
            "enable_resource_name_dns_aaaa_record_on_launch": false,
            "id": "subnet-035e9c5cf85f0b178",
            "ipv6_cidr_block": "",
            "ipv6_cidr_block_association_id": "",
            "ipv6_native": false,
            "map_customer_owned_ip_on_launch": false,
            "map_public_ip_on_launch": false,
            "outpost_arn": "",
            "owner_id": "480746729376",
            "private_dns_hostname_type_on_launch": "ip-name",
            "tags": {
              "Name": "C1C97-C2-300-TGW-APS2B-PVT"
            },
            "tags_all": {
              "Name": "C1C97-C2-300-TGW-APS2B-PVT"
            },
            "timeouts": null,
            "vpc_id": "vpc-08bbb6fdb4fb662ef"
          },
          "sensitive_attributes": [],
          "private": "eyJlMmJmYjczMC1lY2FhLTExZTYtOGY4OC0zNDM2M2JjN2M0YzAiOnsiY3JlYXRlIjo2MDAwMDAwMDAwMDAsImRlbGV0ZSI6MTIwMDAwMDAwMDAwMH0sInNjaGVtYV92ZXJzaW9uIjoiMSJ9",
          "dependencies": [
            "module.prod-ac-wl.aws_vpc.vpc"
          ]
        },
        {
          "index_key": "C1C97-C2-300-WEB-APS2A-PVT",
          "schema_version": 1,
          "attributes": {
            "arn": "arn:aws:ec2:eu-west-2:480746729376:subnet/subnet-05aed7d0bd79261d2",
            "assign_ipv6_address_on_creation": false,
            "availability_zone": "eu-west-2c",
            "availability_zone_id": "euw2-az1",
            "cidr_block": "10.165.61.0/25",
            "customer_owned_ipv4_pool": "",
            "enable_dns64": false,
            "enable_lni_at_device_index": 0,
            "enable_resource_name_dns_a_record_on_launch": false,
            "enable_resource_name_dns_aaaa_record_on_launch": false,
            "id": "subnet-05aed7d0bd79261d2",
            "ipv6_cidr_block": "",
            "ipv6_cidr_block_association_id": "",
            "ipv6_native": false,
            "map_customer_owned_ip_on_launch": false,
            "map_public_ip_on_launch": false,
            "outpost_arn": "",
            "owner_id": "480746729376",
            "private_dns_hostname_type_on_launch": "ip-name",
            "tags": {
              "Name": "C1C97-C2-300-WEB-APS2A-PVT"
            },
            "tags_all": {
              "Name": "C1C97-C2-300-WEB-APS2A-PVT"
            },
            "timeouts": null,
            "vpc_id": "vpc-08bbb6fdb4fb662ef"
          },
          "sensitive_attributes": [],
          "private": "eyJlMmJmYjczMC1lY2FhLTExZTYtOGY4OC0zNDM2M2JjN2M0YzAiOnsiY3JlYXRlIjo2MDAwMDAwMDAwMDAsImRlbGV0ZSI6MTIwMDAwMDAwMDAwMH0sInNjaGVtYV92ZXJzaW9uIjoiMSJ9",
          "dependencies": [
            "module.prod-ac-wl.aws_vpc.vpc"
          ]
        },
        {
          "index_key": "C1C97-C2-300-WEB-APS2B-PVT",
          "schema_version": 1,
          "attributes": {
            "arn": "arn:aws:ec2:eu-west-2:480746729376:subnet/subnet-0e5088eaef0c04c32",
            "assign_ipv6_address_on_creation": false,
            "availability_zone": "eu-west-2c",
            "availability_zone_id": "euw2-az1",
            "cidr_block": "10.165.61.128/25",
            "customer_owned_ipv4_pool": "",
            "enable_dns64": false,
            "enable_lni_at_device_index": 0,
            "enable_resource_name_dns_a_record_on_launch": false,
            "enable_resource_name_dns_aaaa_record_on_launch": false,
            "id": "subnet-0e5088eaef0c04c32",
            "ipv6_cidr_block": "",
            "ipv6_cidr_block_association_id": "",
            "ipv6_native": false,
            "map_customer_owned_ip_on_launch": false,
            "map_public_ip_on_launch": false,
            "outpost_arn": "",
            "owner_id": "480746729376",
            "private_dns_hostname_type_on_launch": "ip-name",
            "tags": {
              "Name": "C1C97-C2-300-WEB-APS2B-PVT"
            },
            "tags_all": {
              "Name": "C1C97-C2-300-WEB-APS2B-PVT"
            },
            "timeouts": null,
            "vpc_id": "vpc-08bbb6fdb4fb662ef"
          },
          "sensitive_attributes": [],
          "private": "eyJlMmJmYjczMC1lY2FhLTExZTYtOGY4OC0zNDM2M2JjN2M0YzAiOnsiY3JlYXRlIjo2MDAwMDAwMDAwMDAsImRlbGV0ZSI6MTIwMDAwMDAwMDAwMH0sInNjaGVtYV92ZXJzaW9uIjoiMSJ9",
          "dependencies": [
            "module.prod-ac-wl.aws_vpc.vpc"
          ]
        }
      ]
    },
    {
      "module": "module.prod-ac-wl[\"C1C97-C2-300-APS2-VPC-01\"]",
      "mode": "managed",
      "type": "aws_vpc",
      "name": "vpc",
      "provider": "provider[\"registry.terraform.io/hashicorp/aws\"]",
      "instances": [
        {
          "schema_version": 1,
          "attributes": {
            "arn": "arn:aws:ec2:eu-west-2:480746729376:vpc/vpc-08bbb6fdb4fb662ef",
            "assign_generated_ipv6_cidr_block": false,
            "cidr_block": "10.165.60.0/22",
            "default_network_acl_id": "acl-087ddcb9524518183",
            "default_route_table_id": "rtb-020f2c3975b4d245c",
            "default_security_group_id": "sg-0bfd7fa5a83fd9e5a",
            "dhcp_options_id": "dopt-0b7bc2c67d6d10fb2",
            "enable_classiclink": false,
            "enable_classiclink_dns_support": false,
            "enable_dns_hostnames": false,
            "enable_dns_support": true,
            "enable_network_address_usage_metrics": false,
            "id": "vpc-08bbb6fdb4fb662ef",
            "instance_tenancy": "default",
            "ipv4_ipam_pool_id": null,
            "ipv4_netmask_length": null,
            "ipv6_association_id": "",
            "ipv6_cidr_block": "",
            "ipv6_cidr_block_network_border_group": "",
            "ipv6_ipam_pool_id": "",
            "ipv6_netmask_length": 0,
            "main_route_table_id": "rtb-020f2c3975b4d245c",
            "owner_id": "480746729376",
            "tags": {
              "Name": "C1C97-C2-300-APS2-VPC-01"
            },
            "tags_all": {
              "Name": "C1C97-C2-300-APS2-VPC-01"
            }
          },
          "sensitive_attributes": [],
          "private": "eyJzY2hlbWFfdmVyc2lvbiI6IjEifQ=="
        }
      ]
    },
    {
      "module": "module.prod-ac-wl[\"C1C97-C2-300-DR-NW-APS2-INSVPC-02\"]",
      "mode": "managed",
      "type": "aws_subnet",
      "name": "subnet",
      "provider": "provider[\"registry.terraform.io/hashicorp/aws\"]",
      "instances": [
        {
          "index_key": "C1C97-C2-300-NW-INS-APS2A-PVT",
          "schema_version": 1,
          "attributes": {
            "arn": "arn:aws:ec2:eu-west-2:480746729376:subnet/subnet-05e1c724089949efd",
            "assign_ipv6_address_on_creation": false,
            "availability_zone": "eu-west-2c",
            "availability_zone_id": "euw2-az1",
            "cidr_block": "10.165.65.32/28",
            "customer_owned_ipv4_pool": "",
            "enable_dns64": false,
            "enable_lni_at_device_index": 0,
            "enable_resource_name_dns_a_record_on_launch": false,
            "enable_resource_name_dns_aaaa_record_on_launch": false,
            "id": "subnet-05e1c724089949efd",
            "ipv6_cidr_block": "",
            "ipv6_cidr_block_association_id": "",
            "ipv6_native": false,
            "map_customer_owned_ip_on_launch": false,
            "map_public_ip_on_launch": false,
            "outpost_arn": "",
            "owner_id": "480746729376",
            "private_dns_hostname_type_on_launch": "ip-name",
            "tags": {
              "Name": "C1C97-C2-300-NW-INS-APS2A-PVT"
            },
            "tags_all": {
              "Name": "C1C97-C2-300-NW-INS-APS2A-PVT"
            },
            "timeouts": null,
            "vpc_id": "vpc-07b73eb361365ae02"
          },
          "sensitive_attributes": [],
          "private": "eyJlMmJmYjczMC1lY2FhLTExZTYtOGY4OC0zNDM2M2JjN2M0YzAiOnsiY3JlYXRlIjo2MDAwMDAwMDAwMDAsImRlbGV0ZSI6MTIwMDAwMDAwMDAwMH0sInNjaGVtYV92ZXJzaW9uIjoiMSJ9",
          "dependencies": [
            "module.prod-ac-wl.aws_vpc.vpc"
          ]
        },
        {
          "index_key": "C1C97-C2-300-NW-INS-APS2B-PVT",
          "schema_version": 1,
          "attributes": {
            "arn": "arn:aws:ec2:eu-west-2:480746729376:subnet/subnet-0477ac5e9de4e3592",
            "assign_ipv6_address_on_creation": false,
            "availability_zone": "eu-west-2c",
            "availability_zone_id": "euw2-az1",
            "cidr_block": "10.165.65.48/28",
            "customer_owned_ipv4_pool": "",
            "enable_dns64": false,
            "enable_lni_at_device_index": 0,
            "enable_resource_name_dns_a_record_on_launch": false,
            "enable_resource_name_dns_aaaa_record_on_launch": false,
            "id": "subnet-0477ac5e9de4e3592",
            "ipv6_cidr_block": "",
            "ipv6_cidr_block_association_id": "",
            "ipv6_native": false,
            "map_customer_owned_ip_on_launch": false,
            "map_public_ip_on_launch": false,
            "outpost_arn": "",
            "owner_id": "480746729376",
            "private_dns_hostname_type_on_launch": "ip-name",
            "tags": {
              "Name": "C1C97-C2-300-NW-INS-APS2B-PVT"
            },
            "tags_all": {
              "Name": "C1C97-C2-300-NW-INS-APS2B-PVT"
            },
            "timeouts": null,
            "vpc_id": "vpc-07b73eb361365ae02"
          },
          "sensitive_attributes": [],
          "private": "eyJlMmJmYjczMC1lY2FhLTExZTYtOGY4OC0zNDM2M2JjN2M0YzAiOnsiY3JlYXRlIjo2MDAwMDAwMDAwMDAsImRlbGV0ZSI6MTIwMDAwMDAwMDAwMH0sInNjaGVtYV92ZXJzaW9uIjoiMSJ9",
          "dependencies": [
            "module.prod-ac-wl.aws_vpc.vpc"
          ]
        },
        {
          "index_key": "C1C97-C2-300-NW-INS-TGW-APS2A-PVT",
          "schema_version": 1,
          "attributes": {
            "arn": "arn:aws:ec2:eu-west-2:480746729376:subnet/subnet-0e0e8b8057cd4faa4",
            "assign_ipv6_address_on_creation": false,
            "availability_zone": "eu-west-2b",
            "availability_zone_id": "euw2-az3",
            "cidr_block": "10.165.65.0/28",
            "customer_owned_ipv4_pool": "",
            "enable_dns64": false,
            "enable_lni_at_device_index": 0,
            "enable_resource_name_dns_a_record_on_launch": false,
            "enable_resource_name_dns_aaaa_record_on_launch": false,
            "id": "subnet-0e0e8b8057cd4faa4",
            "ipv6_cidr_block": "",
            "ipv6_cidr_block_association_id": "",
            "ipv6_native": false,
            "map_customer_owned_ip_on_launch": false,
            "map_public_ip_on_launch": false,
            "outpost_arn": "",
            "owner_id": "480746729376",
            "private_dns_hostname_type_on_launch": "ip-name",
            "tags": {
              "Name": "C1C97-C2-300-NW-INS-TGW-APS2A-PVT"
            },
            "tags_all": {
              "Name": "C1C97-C2-300-NW-INS-TGW-APS2A-PVT"
            },
            "timeouts": null,
            "vpc_id": "vpc-07b73eb361365ae02"
          },
          "sensitive_attributes": [],
          "private": "eyJlMmJmYjczMC1lY2FhLTExZTYtOGY4OC0zNDM2M2JjN2M0YzAiOnsiY3JlYXRlIjo2MDAwMDAwMDAwMDAsImRlbGV0ZSI6MTIwMDAwMDAwMDAwMH0sInNjaGVtYV92ZXJzaW9uIjoiMSJ9",
          "dependencies": [
            "module.prod-ac-wl.aws_vpc.vpc"
          ]
        },
        {
          "index_key": "C1C97-C2-300-NW-INS-TGW-APS2B-PVT",
          "schema_version": 1,
          "attributes": {
            "arn": "arn:aws:ec2:eu-west-2:480746729376:subnet/subnet-0c8539abde30cd1ad",
            "assign_ipv6_address_on_creation": false,
            "availability_zone": "eu-west-2b",
            "availability_zone_id": "euw2-az3",
            "cidr_block": "10.165.65.16/28",
            "customer_owned_ipv4_pool": "",
            "enable_dns64": false,
            "enable_lni_at_device_index": 0,
            "enable_resource_name_dns_a_record_on_launch": false,
            "enable_resource_name_dns_aaaa_record_on_launch": false,
            "id": "subnet-0c8539abde30cd1ad",
            "ipv6_cidr_block": "",
            "ipv6_cidr_block_association_id": "",
            "ipv6_native": false,
            "map_customer_owned_ip_on_launch": false,
            "map_public_ip_on_launch": false,
            "outpost_arn": "",
            "owner_id": "480746729376",
            "private_dns_hostname_type_on_launch": "ip-name",
            "tags": {
              "Name": "C1C97-C2-300-NW-INS-TGW-APS2B-PVT"
            },
            "tags_all": {
              "Name": "C1C97-C2-300-NW-INS-TGW-APS2B-PVT"
            },
            "timeouts": null,
            "vpc_id": "vpc-07b73eb361365ae02"
          },
          "sensitive_attributes": [],
          "private": "eyJlMmJmYjczMC1lY2FhLTExZTYtOGY4OC0zNDM2M2JjN2M0YzAiOnsiY3JlYXRlIjo2MDAwMDAwMDAwMDAsImRlbGV0ZSI6MTIwMDAwMDAwMDAwMH0sInNjaGVtYV92ZXJzaW9uIjoiMSJ9",
          "dependencies": [
            "module.prod-ac-wl.aws_vpc.vpc"
          ]
        }
      ]
    },
    {
      "module": "module.prod-ac-wl[\"C1C97-C2-300-DR-NW-APS2-INSVPC-02\"]",
      "mode": "managed",
      "type": "aws_vpc",
      "name": "vpc",
      "provider": "provider[\"registry.terraform.io/hashicorp/aws\"]",
      "instances": [
        {
          "schema_version": 1,
          "attributes": {
            "arn": "arn:aws:ec2:eu-west-2:480746729376:vpc/vpc-07b73eb361365ae02",
            "assign_generated_ipv6_cidr_block": false,
            "cidr_block": "10.165.65.0/25",
            "default_network_acl_id": "acl-0da442ee853db359d",
            "default_route_table_id": "rtb-0149984a0cc28b390",
            "default_security_group_id": "sg-0f02bbeaf7bb3747e",
            "dhcp_options_id": "dopt-0b7bc2c67d6d10fb2",
            "enable_classiclink": false,
            "enable_classiclink_dns_support": false,
            "enable_dns_hostnames": false,
            "enable_dns_support": true,
            "enable_network_address_usage_metrics": false,
            "id": "vpc-07b73eb361365ae02",
            "instance_tenancy": "default",
            "ipv4_ipam_pool_id": null,
            "ipv4_netmask_length": null,
            "ipv6_association_id": "",
            "ipv6_cidr_block": "",
            "ipv6_cidr_block_network_border_group": "",
            "ipv6_ipam_pool_id": "",
            "ipv6_netmask_length": 0,
            "main_route_table_id": "rtb-0149984a0cc28b390",
            "owner_id": "480746729376",
            "tags": {
              "Name": "C1C97-C2-300-DR-NW-APS2-INSVPC-02"
            },
            "tags_all": {
              "Name": "C1C97-C2-300-DR-NW-APS2-INSVPC-02"
            }
          },
          "sensitive_attributes": [],
          "private": "eyJzY2hlbWFfdmVyc2lvbiI6IjEifQ=="
        }
      ]
    },
    {
      "module": "module.prod-ac-wl[\"C1C97-C2-300-SS-APS1-VPC-01\"]",
      "mode": "managed",
      "type": "aws_subnet",
      "name": "subnet",
      "provider": "provider[\"registry.terraform.io/hashicorp/aws\"]",
      "instances": [
        {
          "index_key": "C1C97-C2-300-SS-COMMN-APS2A-PVT",
          "schema_version": 1,
          "attributes": {
            "arn": "arn:aws:ec2:eu-west-2:480746729376:subnet/subnet-0add426a68282db23",
            "assign_ipv6_address_on_creation": false,
            "availability_zone": "eu-west-2c",
            "availability_zone_id": "euw2-az1",
            "cidr_block": "10.165.66.128/25",
            "customer_owned_ipv4_pool": "",
            "enable_dns64": false,
            "enable_lni_at_device_index": 0,
            "enable_resource_name_dns_a_record_on_launch": false,
            "enable_resource_name_dns_aaaa_record_on_launch": false,
            "id": "subnet-0add426a68282db23",
            "ipv6_cidr_block": "",
            "ipv6_cidr_block_association_id": "",
            "ipv6_native": false,
            "map_customer_owned_ip_on_launch": false,
            "map_public_ip_on_launch": false,
            "outpost_arn": "",
            "owner_id": "480746729376",
            "private_dns_hostname_type_on_launch": "ip-name",
            "tags": {
              "Name": "C1C97-C2-300-SS-COMMN-APS2A-PVT"
            },
            "tags_all": {
              "Name": "C1C97-C2-300-SS-COMMN-APS2A-PVT"
            },
            "timeouts": null,
            "vpc_id": "vpc-0fb250ed232ba11ec"
          },
          "sensitive_attributes": [],
          "private": "eyJlMmJmYjczMC1lY2FhLTExZTYtOGY4OC0zNDM2M2JjN2M0YzAiOnsiY3JlYXRlIjo2MDAwMDAwMDAwMDAsImRlbGV0ZSI6MTIwMDAwMDAwMDAwMH0sInNjaGVtYV92ZXJzaW9uIjoiMSJ9",
          "dependencies": [
            "module.prod-ac-wl.aws_vpc.vpc"
          ]
        },
        {
          "index_key": "C1C97-C2-300-SS-TGW-APS2A-PVT",
          "schema_version": 1,
          "attributes": {
            "arn": "arn:aws:ec2:eu-west-2:480746729376:subnet/subnet-08116889f20f133c0",
            "assign_ipv6_address_on_creation": false,
            "availability_zone": "eu-west-2c",
            "availability_zone_id": "euw2-az1",
            "cidr_block": "10.165.66.0/28",
            "customer_owned_ipv4_pool": "",
            "enable_dns64": false,
            "enable_lni_at_device_index": 0,
            "enable_resource_name_dns_a_record_on_launch": false,
            "enable_resource_name_dns_aaaa_record_on_launch": false,
            "id": "subnet-08116889f20f133c0",
            "ipv6_cidr_block": "",
            "ipv6_cidr_block_association_id": "",
            "ipv6_native": false,
            "map_customer_owned_ip_on_launch": false,
            "map_public_ip_on_launch": false,
            "outpost_arn": "",
            "owner_id": "480746729376",
            "private_dns_hostname_type_on_launch": "ip-name",
            "tags": {
              "Name": "C1C97-C2-300-SS-TGW-APS2A-PVT"
            },
            "tags_all": {
              "Name": "C1C97-C2-300-SS-TGW-APS2A-PVT"
            },
            "timeouts": null,
            "vpc_id": "vpc-0fb250ed232ba11ec"
          },
          "sensitive_attributes": [],
          "private": "eyJlMmJmYjczMC1lY2FhLTExZTYtOGY4OC0zNDM2M2JjN2M0YzAiOnsiY3JlYXRlIjo2MDAwMDAwMDAwMDAsImRlbGV0ZSI6MTIwMDAwMDAwMDAwMH0sInNjaGVtYV92ZXJzaW9uIjoiMSJ9",
          "dependencies": [
            "module.prod-ac-wl.aws_vpc.vpc"
          ]
        },
        {
          "index_key": "C1C97-C2-300-SS-TGW-APS2B-PVT",
          "schema_version": 1,
          "attributes": {
            "arn": "arn:aws:ec2:eu-west-2:480746729376:subnet/subnet-082801382cc30bded",
            "assign_ipv6_address_on_creation": false,
            "availability_zone": "eu-west-2c",
            "availability_zone_id": "euw2-az1",
            "cidr_block": "10.165.66.16/28",
            "customer_owned_ipv4_pool": "",
            "enable_dns64": false,
            "enable_lni_at_device_index": 0,
            "enable_resource_name_dns_a_record_on_launch": false,
            "enable_resource_name_dns_aaaa_record_on_launch": false,
            "id": "subnet-082801382cc30bded",
            "ipv6_cidr_block": "",
            "ipv6_cidr_block_association_id": "",
            "ipv6_native": false,
            "map_customer_owned_ip_on_launch": false,
            "map_public_ip_on_launch": false,
            "outpost_arn": "",
            "owner_id": "480746729376",
            "private_dns_hostname_type_on_launch": "ip-name",
            "tags": {
              "Name": "C1C97-C2-300-SS-TGW-APS2B-PVT"
            },
            "tags_all": {
              "Name": "C1C97-C2-300-SS-TGW-APS2B-PVT"
            },
            "timeouts": null,
            "vpc_id": "vpc-0fb250ed232ba11ec"
          },
          "sensitive_attributes": [],
          "private": "eyJlMmJmYjczMC1lY2FhLTExZTYtOGY4OC0zNDM2M2JjN2M0YzAiOnsiY3JlYXRlIjo2MDAwMDAwMDAwMDAsImRlbGV0ZSI6MTIwMDAwMDAwMDAwMH0sInNjaGVtYV92ZXJzaW9uIjoiMSJ9",
          "dependencies": [
            "module.prod-ac-wl.aws_vpc.vpc"
          ]
        }
      ]
    },
    {
      "module": "module.prod-ac-wl[\"C1C97-C2-300-SS-APS1-VPC-01\"]",
      "mode": "managed",
      "type": "aws_vpc",
      "name": "vpc",
      "provider": "provider[\"registry.terraform.io/hashicorp/aws\"]",
      "instances": [
        {
          "schema_version": 1,
          "attributes": {
            "arn": "arn:aws:ec2:eu-west-2:480746729376:vpc/vpc-0fb250ed232ba11ec",
            "assign_generated_ipv6_cidr_block": false,
            "cidr_block": "10.165.66.0/24",
            "default_network_acl_id": "acl-08adfd50a9b9967d7",
            "default_route_table_id": "rtb-07bb0a28bd6b52080",
            "default_security_group_id": "sg-0943f7602776ed32f",
            "dhcp_options_id": "dopt-0b7bc2c67d6d10fb2",
            "enable_classiclink": false,
            "enable_classiclink_dns_support": false,
            "enable_dns_hostnames": false,
            "enable_dns_support": true,
            "enable_network_address_usage_metrics": false,
            "id": "vpc-0fb250ed232ba11ec",
            "instance_tenancy": "default",
            "ipv4_ipam_pool_id": null,
            "ipv4_netmask_length": null,
            "ipv6_association_id": "",
            "ipv6_cidr_block": "",
            "ipv6_cidr_block_network_border_group": "",
            "ipv6_ipam_pool_id": "",
            "ipv6_netmask_length": 0,
            "main_route_table_id": "rtb-07bb0a28bd6b52080",
            "owner_id": "480746729376",
            "tags": {
              "Name": "C1C97-C2-300-SS-APS1-VPC-01"
            },
            "tags_all": {
              "Name": "C1C97-C2-300-SS-APS1-VPC-01"
            }
          },
          "sensitive_attributes": [],
          "private": "eyJzY2hlbWFfdmVyc2lvbiI6IjEifQ=="
        }
      ]
    },
    {
      "module": "module.prod-ac-wl[\"CC1C97-C2-300-DR-NW-APS2-VPC-01\"]",
      "mode": "managed",
      "type": "aws_subnet",
      "name": "subnet",
      "provider": "provider[\"registry.terraform.io/hashicorp/aws\"]",
      "instances": [
        {
          "index_key": "C1C97-C2-200-NW-IE-WEB-APS2B-PUB",
          "schema_version": 1,
          "attributes": {
            "arn": "arn:aws:ec2:eu-west-2:480746729376:subnet/subnet-03188d2e3b9fe3d5c",
            "assign_ipv6_address_on_creation": false,
            "availability_zone": "eu-west-2b",
            "availability_zone_id": "euw2-az3",
            "cidr_block": "10.165.64.128/26",
            "customer_owned_ipv4_pool": "",
            "enable_dns64": false,
            "enable_lni_at_device_index": 0,
            "enable_resource_name_dns_a_record_on_launch": false,
            "enable_resource_name_dns_aaaa_record_on_launch": false,
            "id": "subnet-03188d2e3b9fe3d5c",
            "ipv6_cidr_block": "",
            "ipv6_cidr_block_association_id": "",
            "ipv6_native": false,
            "map_customer_owned_ip_on_launch": false,
            "map_public_ip_on_launch": false,
            "outpost_arn": "",
            "owner_id": "480746729376",
            "private_dns_hostname_type_on_launch": "ip-name",
            "tags": {
              "Name": "C1C97-C2-200-NW-IE-WEB-APS2B-PUB"
            },
            "tags_all": {
              "Name": "C1C97-C2-200-NW-IE-WEB-APS2B-PUB"
            },
            "timeouts": null,
            "vpc_id": "vpc-0adfb3b5c6a5271e3"
          },
          "sensitive_attributes": [],
          "private": "eyJlMmJmYjczMC1lY2FhLTExZTYtOGY4OC0zNDM2M2JjN2M0YzAiOnsiY3JlYXRlIjo2MDAwMDAwMDAwMDAsImRlbGV0ZSI6MTIwMDAwMDAwMDAwMH0sInNjaGVtYV92ZXJzaW9uIjoiMSJ9",
          "dependencies": [
            "module.prod-ac-wl.aws_vpc.vpc"
          ]
        },
        {
          "index_key": "C1C97-C2-300-NW-IE-NGW-APS2A-PUB",
          "schema_version": 1,
          "attributes": {
            "arn": "arn:aws:ec2:eu-west-2:480746729376:subnet/subnet-0d2b06cb85b670923",
            "assign_ipv6_address_on_creation": false,
            "availability_zone": "eu-west-2b",
            "availability_zone_id": "euw2-az3",
            "cidr_block": "10.165.64.32/28",
            "customer_owned_ipv4_pool": "",
            "enable_dns64": false,
            "enable_lni_at_device_index": 0,
            "enable_resource_name_dns_a_record_on_launch": false,
            "enable_resource_name_dns_aaaa_record_on_launch": false,
            "id": "subnet-0d2b06cb85b670923",
            "ipv6_cidr_block": "",
            "ipv6_cidr_block_association_id": "",
            "ipv6_native": false,
            "map_customer_owned_ip_on_launch": false,
            "map_public_ip_on_launch": false,
            "outpost_arn": "",
            "owner_id": "480746729376",
            "private_dns_hostname_type_on_launch": "ip-name",
            "tags": {
              "Name": "C1C97-C2-300-NW-IE-NGW-APS2A-PUB"
            },
            "tags_all": {
              "Name": "C1C97-C2-300-NW-IE-NGW-APS2A-PUB"
            },
            "timeouts": null,
            "vpc_id": "vpc-0adfb3b5c6a5271e3"
          },
          "sensitive_attributes": [],
          "private": "eyJlMmJmYjczMC1lY2FhLTExZTYtOGY4OC0zNDM2M2JjN2M0YzAiOnsiY3JlYXRlIjo2MDAwMDAwMDAwMDAsImRlbGV0ZSI6MTIwMDAwMDAwMDAwMH0sInNjaGVtYV92ZXJzaW9uIjoiMSJ9",
          "dependencies": [
            "module.prod-ac-wl.aws_vpc.vpc"
          ]
        },
        {
          "index_key": "C1C97-C2-300-NW-IE-NGW-APS2B-PUB",
          "schema_version": 1,
          "attributes": {
            "arn": "arn:aws:ec2:eu-west-2:480746729376:subnet/subnet-02f28bd292be33f1b",
            "assign_ipv6_address_on_creation": false,
            "availability_zone": "eu-west-2b",
            "availability_zone_id": "euw2-az3",
            "cidr_block": "10.165.64.48/28",
            "customer_owned_ipv4_pool": "",
            "enable_dns64": false,
            "enable_lni_at_device_index": 0,
            "enable_resource_name_dns_a_record_on_launch": false,
            "enable_resource_name_dns_aaaa_record_on_launch": false,
            "id": "subnet-02f28bd292be33f1b",
            "ipv6_cidr_block": "",
            "ipv6_cidr_block_association_id": "",
            "ipv6_native": false,
            "map_customer_owned_ip_on_launch": false,
            "map_public_ip_on_launch": false,
            "outpost_arn": "",
            "owner_id": "480746729376",
            "private_dns_hostname_type_on_launch": "ip-name",
            "tags": {
              "Name": "C1C97-C2-300-NW-IE-NGW-APS2B-PUB"
            },
            "tags_all": {
              "Name": "C1C97-C2-300-NW-IE-NGW-APS2B-PUB"
            },
            "timeouts": null,
            "vpc_id": "vpc-0adfb3b5c6a5271e3"
          },
          "sensitive_attributes": [],
          "private": "eyJlMmJmYjczMC1lY2FhLTExZTYtOGY4OC0zNDM2M2JjN2M0YzAiOnsiY3JlYXRlIjo2MDAwMDAwMDAwMDAsImRlbGV0ZSI6MTIwMDAwMDAwMDAwMH0sInNjaGVtYV92ZXJzaW9uIjoiMSJ9",
          "dependencies": [
            "module.prod-ac-wl.aws_vpc.vpc"
          ]
        },
        {
          "index_key": "C1C97-C2-300-NW-IE-TGW-APS2A-PVT",
          "schema_version": 1,
          "attributes": {
            "arn": "arn:aws:ec2:eu-west-2:480746729376:subnet/subnet-009a87a849c841e3e",
            "assign_ipv6_address_on_creation": false,
            "availability_zone": "eu-west-2b",
            "availability_zone_id": "euw2-az3",
            "cidr_block": "10.165.64.0/28",
            "customer_owned_ipv4_pool": "",
            "enable_dns64": false,
            "enable_lni_at_device_index": 0,
            "enable_resource_name_dns_a_record_on_launch": false,
            "enable_resource_name_dns_aaaa_record_on_launch": false,
            "id": "subnet-009a87a849c841e3e",
            "ipv6_cidr_block": "",
            "ipv6_cidr_block_association_id": "",
            "ipv6_native": false,
            "map_customer_owned_ip_on_launch": false,
            "map_public_ip_on_launch": false,
            "outpost_arn": "",
            "owner_id": "480746729376",
            "private_dns_hostname_type_on_launch": "ip-name",
            "tags": {
              "Name": "C1C97-C2-300-NW-IE-TGW-APS2A-PVT"
            },
            "tags_all": {
              "Name": "C1C97-C2-300-NW-IE-TGW-APS2A-PVT"
            },
            "timeouts": null,
            "vpc_id": "vpc-0adfb3b5c6a5271e3"
          },
          "sensitive_attributes": [],
          "private": "eyJlMmJmYjczMC1lY2FhLTExZTYtOGY4OC0zNDM2M2JjN2M0YzAiOnsiY3JlYXRlIjo2MDAwMDAwMDAwMDAsImRlbGV0ZSI6MTIwMDAwMDAwMDAwMH0sInNjaGVtYV92ZXJzaW9uIjoiMSJ9",
          "dependencies": [
            "module.prod-ac-wl.aws_vpc.vpc"
          ]
        },
        {
          "index_key": "C1C97-C2-300-NW-IE-TGW-APS2B-PVT",
          "schema_version": 1,
          "attributes": {
            "arn": "arn:aws:ec2:eu-west-2:480746729376:subnet/subnet-018ebd3a3ae284631",
            "assign_ipv6_address_on_creation": false,
            "availability_zone": "eu-west-2b",
            "availability_zone_id": "euw2-az3",
            "cidr_block": "10.165.64.16/28",
            "customer_owned_ipv4_pool": "",
            "enable_dns64": false,
            "enable_lni_at_device_index": 0,
            "enable_resource_name_dns_a_record_on_launch": false,
            "enable_resource_name_dns_aaaa_record_on_launch": false,
            "id": "subnet-018ebd3a3ae284631",
            "ipv6_cidr_block": "",
            "ipv6_cidr_block_association_id": "",
            "ipv6_native": false,
            "map_customer_owned_ip_on_launch": false,
            "map_public_ip_on_launch": false,
            "outpost_arn": "",
            "owner_id": "480746729376",
            "private_dns_hostname_type_on_launch": "ip-name",
            "tags": {
              "Name": "C1C97-C2-300-NW-IE-TGW-APS2B-PVT"
            },
            "tags_all": {
              "Name": "C1C97-C2-300-NW-IE-TGW-APS2B-PVT"
            },
            "timeouts": null,
            "vpc_id": "vpc-0adfb3b5c6a5271e3"
          },
          "sensitive_attributes": [],
          "private": "eyJlMmJmYjczMC1lY2FhLTExZTYtOGY4OC0zNDM2M2JjN2M0YzAiOnsiY3JlYXRlIjo2MDAwMDAwMDAwMDAsImRlbGV0ZSI6MTIwMDAwMDAwMDAwMH0sInNjaGVtYV92ZXJzaW9uIjoiMSJ9",
          "dependencies": [
            "module.prod-ac-wl.aws_vpc.vpc"
          ]
        },
        {
          "index_key": "C1C97-C2-300-NW-IE-WEB-APS2A-PUB",
          "schema_version": 1,
          "attributes": {
            "arn": "arn:aws:ec2:eu-west-2:480746729376:subnet/subnet-0ecf085c940993d95",
            "assign_ipv6_address_on_creation": false,
            "availability_zone": "eu-west-2b",
            "availability_zone_id": "euw2-az3",
            "cidr_block": "10.165.64.64/26",
            "customer_owned_ipv4_pool": "",
            "enable_dns64": false,
            "enable_lni_at_device_index": 0,
            "enable_resource_name_dns_a_record_on_launch": false,
            "enable_resource_name_dns_aaaa_record_on_launch": false,
            "id": "subnet-0ecf085c940993d95",
            "ipv6_cidr_block": "",
            "ipv6_cidr_block_association_id": "",
            "ipv6_native": false,
            "map_customer_owned_ip_on_launch": false,
            "map_public_ip_on_launch": false,
            "outpost_arn": "",
            "owner_id": "480746729376",
            "private_dns_hostname_type_on_launch": "ip-name",
            "tags": {
              "Name": "C1C97-C2-300-NW-IE-WEB-APS2A-PUB"
            },
            "tags_all": {
              "Name": "C1C97-C2-300-NW-IE-WEB-APS2A-PUB"
            },
            "timeouts": null,
            "vpc_id": "vpc-0adfb3b5c6a5271e3"
          },
          "sensitive_attributes": [],
          "private": "eyJlMmJmYjczMC1lY2FhLTExZTYtOGY4OC0zNDM2M2JjN2M0YzAiOnsiY3JlYXRlIjo2MDAwMDAwMDAwMDAsImRlbGV0ZSI6MTIwMDAwMDAwMDAwMH0sInNjaGVtYV92ZXJzaW9uIjoiMSJ9",
          "dependencies": [
            "module.prod-ac-wl.aws_vpc.vpc"
          ]
        }
      ]
    },
    {
      "module": "module.prod-ac-wl[\"CC1C97-C2-300-DR-NW-APS2-VPC-01\"]",
      "mode": "managed",
      "type": "aws_vpc",
      "name": "vpc",
      "provider": "provider[\"registry.terraform.io/hashicorp/aws\"]",
      "instances": [
        {
          "schema_version": 1,
          "attributes": {
            "arn": "arn:aws:ec2:eu-west-2:480746729376:vpc/vpc-0adfb3b5c6a5271e3",
            "assign_generated_ipv6_cidr_block": false,
            "cidr_block": "10.165.64.0/24",
            "default_network_acl_id": "acl-056f2d0a9fbaef078",
            "default_route_table_id": "rtb-0b260292d8daa8d87",
            "default_security_group_id": "sg-08adbbf3de508f041",
            "dhcp_options_id": "dopt-0b7bc2c67d6d10fb2",
            "enable_classiclink": false,
            "enable_classiclink_dns_support": false,
            "enable_dns_hostnames": false,
            "enable_dns_support": true,
            "enable_network_address_usage_metrics": false,
            "id": "vpc-0adfb3b5c6a5271e3",
            "instance_tenancy": "default",
            "ipv4_ipam_pool_id": null,
            "ipv4_netmask_length": null,
            "ipv6_association_id": "",
            "ipv6_cidr_block": "",
            "ipv6_cidr_block_network_border_group": "",
            "ipv6_ipam_pool_id": "",
            "ipv6_netmask_length": 0,
            "main_route_table_id": "rtb-0b260292d8daa8d87",
            "owner_id": "480746729376",
            "tags": {
              "Name": "CC1C97-C2-300-DR-NW-APS2-VPC-01"
            },
            "tags_all": {
              "Name": "CC1C97-C2-300-DR-NW-APS2-VPC-01"
            }
          },
          "sensitive_attributes": [],
          "private": "eyJzY2hlbWFfdmVyc2lvbiI6IjEifQ=="
        }
      ]
    }
  ],
  "check_results": null
}
